
Microsoft Visual Studio Solution File, Format Version 12.00
Project("{FAE04EC0-301F-11D3-BF4B-00C04F79EFBC}") = "bajanetLauncher", "bajanetLauncher.csproj", "{7A92085A-0559-4692-A0F1-674AF60CA7D1}"
EndProject
Global
	GlobalSection(SolutionConfigurationPlatforms) = preSolution
		Debug|Any CPU = Debug|Any CPU
		Release|Any CPU = Release|Any CPU
	EndGlobalSection
	GlobalSection(ProjectConfigurationPlatforms) = postSolution
		{7A92085A-0559-4692-A0F1-674AF60CA7D1}.Debug|Any CPU.ActiveCfg = Debug|Any CPU
		{7A92085A-0559-4692-A0F1-674AF60CA7D1}.Debug|Any CPU.Build.0 = Debug|Any CPU
		{7A92085A-0559-4692-A0F1-674AF60CA7D1}.Release|Any CPU.ActiveCfg = Release|Any CPU
		{7A92085A-0559-4692-A0F1-674AF60CA7D1}.Release|Any CPU.Build.0 = Release|Any CPU
	EndGlobalSection
EndGlobal
